
Microsoft Visual Studio Solution File, Format Version 12.00
# Visual Studio Version 17
VisualStudioVersion = 17.14.37012.4 d17.14
MinimumVisualStudioVersion = 10.0.40219.1
Project("{FAE04EC0-301F-11D3-BF4B-00C04F79EFBC}") = "ConsoleApp3", "ConsoleApp3\ConsoleApp3.csproj", "{33AE5D82-5977-4DC8-8764-A0A9C9EF629E}"
EndProject
Project("{FAE04EC0-301F-11D3-BF4B-00C04F79EFBC}") = "ConsoleApp1", "ConsoleApp1\ConsoleApp1.csproj", "{F68CD39E-919A-49A3-9C01-006EA332DD05}"
EndProject
Project("{FAE04EC0-301F-11D3-BF4B-00C04F79EFBC}") = "ConsoleApp2", "ConsoleApp2\ConsoleApp2.csproj", "{52D9FB66-F850-49BB-8807-2F6D97B704D6}"
EndProject
Global
	GlobalSection(SolutionConfigurationPlatforms) = preSolution
		Debug|Any CPU = Debug|Any CPU
		Release|Any CPU = Release|Any CPU
	EndGlobalSection
	GlobalSection(ProjectConfigurationPlatforms) = postSolution
		{33AE5D82-5977-4DC8-8764-A0A9C9EF629E}.Debug|Any CPU.ActiveCfg = Debug|Any CPU
		{33AE5D82-5977-4DC8-8764-A0A9C9EF629E}.Debug|Any CPU.Build.0 = Debug|Any CPU
		{33AE5D82-5977-4DC8-8764-A0A9C9EF629E}.Release|Any CPU.ActiveCfg = Release|Any CPU
		{33AE5D82-5977-4DC8-8764-A0A9C9EF629E}.Release|Any CPU.Build.0 = Release|Any CPU
		{F68CD39E-919A-49A3-9C01-006EA332DD05}.Debug|Any CPU.ActiveCfg = Debug|Any CPU
		{F68CD39E-919A-49A3-9C01-006EA332DD05}.Debug|Any CPU.Build.0 = Debug|Any CPU
		{F68CD39E-919A-49A3-9C01-006EA332DD05}.Release|Any CPU.ActiveCfg = Release|Any CPU
		{F68CD39E-919A-49A3-9C01-006EA332DD05}.Release|Any CPU.Build.0 = Release|Any CPU
		{52D9FB66-F850-49BB-8807-2F6D97B704D6}.Debug|Any CPU.ActiveCfg = Debug|Any CPU
		{52D9FB66-F850-49BB-8807-2F6D97B704D6}.Debug|Any CPU.Build.0 = Debug|Any CPU
		{52D9FB66-F850-49BB-8807-2F6D97B704D6}.Release|Any CPU.ActiveCfg = Release|Any CPU
		{52D9FB66-F850-49BB-8807-2F6D97B704D6}.Release|Any CPU.Build.0 = Release|Any CPU
	EndGlobalSection
	GlobalSection(SolutionProperties) = preSolution
		HideSolutionNode = FALSE
	EndGlobalSection
	GlobalSection(ExtensibilityGlobals) = postSolution
		SolutionGuid = {5AD20BFE-6982-430B-88B8-8B7BD3BB2C65}
	EndGlobalSection
EndGlobal
